
Microsoft Visual Studio Solution File, Format Version 12.00
# Visual Studio 15
VisualStudioVersion = 15.0.28307.1062
MinimumVisualStudioVersion = 10.0.40219.1
Project("{FAE04EC0-301F-11D3-BF4B-00C04F79EFBC}") = "Sales.Android", "Sales\Sales.Android\Sales.Android.csproj", "{F9D816C0-2978-4D36-A8EF-7D86FFAF29A7}"
EndProject
Project("{FAE04EC0-301F-11D3-BF4B-00C04F79EFBC}") = "Sales.iOS", "Sales\Sales.iOS\Sales.iOS.csproj", "{BF7A0A82-02BF-45C9-97CB-E9913B3E65FD}"
EndProject
Project("{FAE04EC0-301F-11D3-BF4B-00C04F79EFBC}") = "Sales.UWP", "Sales\Sales.UWP\Sales.UWP.csproj", "{1B330828-1454-45A2-B442-CF78A67F1164}"
EndProject
Project("{FAE04EC0-301F-11D3-BF4B-00C04F79EFBC}") = "Sales", "Sales\Sales\Sales.csproj", "{A770AB7E-9316-450A-AC54-B4E034C80191}"
EndProject
Project("{FAE04EC0-301F-11D3-BF4B-00C04F79EFBC}") = "Sales.Backend", "Sales.Backend\Sales.Backend.csproj", "{5302A341-E6AA-4B0A-8725-516336334843}"
EndProject
Project("{FAE04EC0-301F-11D3-BF4B-00C04F79EFBC}") = "Sales.API", "Sales.API\Sales.API.csproj", "{E55FD65C-B7E7-4AB7-B65D-EA9B755F2B67}"
EndProject
Project("{FAE04EC0-301F-11D3-BF4B-00C04F79EFBC}") = "Sales.Domain", "Sales.Domain\Sales.Domain.csproj", "{BBBACFB3-DD96-493F-BE3F-19E86D2AC2A3}"
EndProject
Project("{FAE04EC0-301F-11D3-BF4B-00C04F79EFBC}") = "Sales.Common", "Sales.Common\Sales.Common.csproj", "{A40B6628-1ADF-4E15-B7B0-F0989E00A97A}"
EndProject
Global
	GlobalSection(SolutionConfigurationPlatforms) = preSolution
		Ad-Hoc|Any CPU = Ad-Hoc|Any CPU
		Ad-Hoc|ARM = Ad-Hoc|ARM
		Ad-Hoc|iPhone = Ad-Hoc|iPhone
		Ad-Hoc|iPhoneSimulator = Ad-Hoc|iPhoneSimulator
		Ad-Hoc|x64 = Ad-Hoc|x64
		Ad-Hoc|x86 = Ad-Hoc|x86
		AppStore|Any CPU = AppStore|Any CPU
		AppStore|ARM = AppStore|ARM
		AppStore|iPhone = AppStore|iPhone
		AppStore|iPhoneSimulator = AppStore|iPhoneSimulator
		AppStore|x64 = AppStore|x64
		AppStore|x86 = AppStore|x86
		Debug|Any CPU = Debug|Any CPU
		Debug|ARM = Debug|ARM
		Debug|iPhone = Debug|iPhone
		Debug|iPhoneSimulator = Debug|iPhoneSimulator
		Debug|x64 = Debug|x64
		Debug|x86 = Debug|x86
		Release|Any CPU = Release|Any CPU
		Release|ARM = Release|ARM
		Release|iPhone = Release|iPhone
		Release|iPhoneSimulator = Release|iPhoneSimulator
		Release|x64 = Release|x64
		Release|x86 = Release|x86
	EndGlobalSection
	GlobalSection(ProjectConfigurationPlatforms) = postSolution
		{F9D816C0-2978-4D36-A8EF-7D86FFAF29A7}.Ad-Hoc|Any CPU.ActiveCfg = Release|Any CPU
		{F9D816C0-2978-4D36-A8EF-7D86FFAF29A7}.Ad-Hoc|Any CPU.Build.0 = Release|Any CPU
		{F9D816C0-2978-4D36-A8EF-7D86FFAF29A7}.Ad-Hoc|Any CPU.Deploy.0 = Release|Any CPU
		{F9D816C0-2978-4D36-A8EF-7D86FFAF29A7}.Ad-Hoc|ARM.ActiveCfg = Release|Any CPU
		{F9D816C0-2978-4D36-A8EF-7D86FFAF29A7}.Ad-Hoc|ARM.Build.0 = Release|Any CPU
		{F9D816C0-2978-4D36-A8EF-7D86FFAF29A7}.Ad-Hoc|ARM.Deploy.0 = Release|Any CPU
		{F9D816C0-2978-4D36-A8EF-7D86FFAF29A7}.Ad-Hoc|iPhone.ActiveCfg = Release|Any CPU
		{F9D816C0-2978-4D36-A8EF-7D86FFAF29A7}.Ad-Hoc|iPhone.Build.0 = Release|Any CPU
		{F9D816C0-2978-4D36-A8EF-7D86FFAF29A7}.Ad-Hoc|iPhone.Deploy.0 = Release|Any CPU
		{F9D816C0-2978-4D36-A8EF-7D86FFAF29A7}.Ad-Hoc|iPhoneSimulator.ActiveCfg = Release|Any CPU
		{F9D816C0-2978-4D36-A8EF-7D86FFAF29A7}.Ad-Hoc|iPhoneSimulator.Build.0 = Release|Any CPU
		{F9D816C0-2978-4D36-A8EF-7D86FFAF29A7}.Ad-Hoc|iPhoneSimulator.Deploy.0 = Release|Any CPU
		{F9D816C0-2978-4D36-A8EF-7D86FFAF29A7}.Ad-Hoc|x64.ActiveCfg = Release|Any CPU
		{F9D816C0-2978-4D36-A8EF-7D86FFAF29A7}.Ad-Hoc|x64.Build.0 = Release|Any CPU
		{F9D816C0-2978-4D36-A8EF-7D86FFAF29A7}.Ad-Hoc|x64.Deploy.0 = Release|Any CPU
		{F9D816C0-2978-4D36-A8EF-7D86FFAF29A7}.Ad-Hoc|x86.ActiveCfg = Release|Any CPU
		{F9D816C0-2978-4D36-A8EF-7D86FFAF29A7}.Ad-Hoc|x86.Build.0 = Release|Any CPU
		{F9D816C0-2978-4D36-A8EF-7D86FFAF29A7}.Ad-Hoc|x86.Deploy.0 = Release|Any CPU
		{F9D816C0-2978-4D36-A8EF-7D86FFAF29A7}.AppStore|Any CPU.ActiveCfg = Release|Any CPU
		{F9D816C0-2978-4D36-A8EF-7D86FFAF29A7}.AppStore|Any CPU.Build.0 = Release|Any CPU
		{F9D816C0-2978-4D36-A8EF-7D86FFAF29A7}.AppStore|Any CPU.Deploy.0 = Release|Any CPU
		{F9D816C0-2978-4D36-A8EF-7D86FFAF29A7}.AppStore|ARM.ActiveCfg = Release|Any CPU
		{F9D816C0-2978-4D36-A8EF-7D86FFAF29A7}.AppStore|ARM.Build.0 = Release|Any CPU
		{F9D816C0-2978-4D36-A8EF-7D86FFAF29A7}.AppStore|ARM.Deploy.0 = Release|Any CPU
		{F9D816C0-2978-4D36-A8EF-7D86FFAF29A7}.AppStore|iPhone.ActiveCfg = Release|Any CPU
		{F9D816C0-2978-4D36-A8EF-7D86FFAF29A7}.AppStore|iPhone.Build.0 = Release|Any CPU
		{F9D816C0-2978-4D36-A8EF-7D86FFAF29A7}.AppStore|iPhone.Deploy.0 = Release|Any CPU
		{F9D816C0-2978-4D36-A8EF-7D86FFAF29A7}.AppStore|iPhoneSimulator.ActiveCfg = Release|Any CPU
		{F9D816C0-2978-4D36-A8EF-7D86FFAF29A7}.AppStore|iPhoneSimulator.Build.0 = Release|Any CPU
		{F9D816C0-2978-4D36-A8EF-7D86FFAF29A7}.AppStore|iPhoneSimulator.Deploy.0 = Release|Any CPU
		{F9D816C0-2978-4D36-A8EF-7D86FFAF29A7}.AppStore|x64.ActiveCfg = Release|Any CPU
		{F9D816C0-2978-4D36-A8EF-7D86FFAF29A7}.AppStore|x64.Build.0 = Release|Any CPU
		{F9D816C0-2978-4D36-A8EF-7D86FFAF29A7}.AppStore|x64.Deploy.0 = Release|Any CPU
		{F9D816C0-2978-4D36-A8EF-7D86FFAF29A7}.AppStore|x86.ActiveCfg = Release|Any CPU
		{F9D816C0-2978-4D36-A8EF-7D86FFAF29A7}.AppStore|x86.Build.0 = Release|Any CPU
		{F9D816C0-2978-4D36-A8EF-7D86FFAF29A7}.AppStore|x86.Deploy.0 = Release|Any CPU
		{F9D816C0-2978-4D36-A8EF-7D86FFAF29A7}.Debug|Any CPU.ActiveCfg = Debug|Any CPU
		{F9D816C0-2978-4D36-A8EF-7D86FFAF29A7}.Debug|Any CPU.Build.0 = Debug|Any CPU
		{F9D816C0-2978-4D36-A8EF-7D86FFAF29A7}.Debug|Any CPU.Deploy.0 = Debug|Any CPU
		{F9D816C0-2978-4D36-A8EF-7D86FFAF29A7}.Debug|ARM.ActiveCfg = Debug|Any CPU
		{F9D816C0-2978-4D36-A8EF-7D86FFAF29A7}.Debug|ARM.Build.0 = Debug|Any CPU
		{F9D816C0-2978-4D36-A8EF-7D86FFAF29A7}.Debug|ARM.Deploy.0 = Debug|Any CPU
		{F9D816C0-2978-4D36-A8EF-7D86FFAF29A7}.Debug|iPhone.ActiveCfg = Debug|Any CPU
		{F9D816C0-2978-4D36-A8EF-7D86FFAF29A7}.Debug|iPhone.Build.0 = Debug|Any CPU
		{F9D816C0-2978-4D36-A8EF-7D86FFAF29A7}.Debug|iPhone.Deploy.0 = Debug|Any CPU
		{F9D816C0-2978-4D36-A8EF-7D86FFAF29A7}.Debug|iPhoneSimulator.ActiveCfg = Debug|Any CPU
		{F9D816C0-2978-4D36-A8EF-7D86FFAF29A7}.Debug|iPhoneSimulator.Build.0 = Debug|Any CPU
		{F9D816C0-2978-4D36-A8EF-7D86FFAF29A7}.Debug|iPhoneSimulator.Deploy.0 = Debug|Any CPU
		{F9D816C0-2978-4D36-A8EF-7D86FFAF29A7}.Debug|x64.ActiveCfg = Debug|Any CPU
		{F9D816C0-2978-4D36-A8EF-7D86FFAF29A7}.Debug|x64.Build.0 = Debug|Any CPU
		{F9D816C0-2978-4D36-A8EF-7D86FFAF29A7}.Debug|x64.Deploy.0 = Debug|Any CPU
		{F9D816C0-2978-4D36-A8EF-7D86FFAF29A7}.Debug|x86.ActiveCfg = Debug|Any CPU
		{F9D816C0-2978-4D36-A8EF-7D86FFAF29A7}.Debug|x86.Build.0 = Debug|Any CPU
		{F9D816C0-2978-4D36-A8EF-7D86FFAF29A7}.Debug|x86.Deploy.0 = Debug|Any CPU
		{F9D816C0-2978-4D36-A8EF-7D86FFAF29A7}.Release|Any CPU.ActiveCfg = Release|Any CPU
		{F9D816C0-2978-4D36-A8EF-7D86FFAF29A7}.Release|Any CPU.Build.0 = Release|Any CPU
		{F9D816C0-2978-4D36-A8EF-7D86FFAF29A7}.Release|Any CPU.Deploy.0 = Release|Any CPU
		{F9D816C0-2978-4D36-A8EF-7D86FFAF29A7}.Release|ARM.ActiveCfg = Release|Any CPU
		{F9D816C0-2978-4D36-A8EF-7D86FFAF29A7}.Release|ARM.Build.0 = Release|Any CPU
		{F9D816C0-2978-4D36-A8EF-7D86FFAF29A7}.Release|ARM.Deploy.0 = Release|Any CPU
		{F9D816C0-2978-4D36-A8EF-7D86FFAF29A7}.Release|iPhone.ActiveCfg = Release|Any CPU
		{F9D816C0-2978-4D36-A8EF-7D86FFAF29A7}.Release|iPhone.Build.0 = Release|Any CPU
		{F9D816C0-2978-4D36-A8EF-7D86FFAF29A7}.Release|iPhone.Deploy.0 = Release|Any CPU
		{F9D816C0-2978-4D36-A8EF-7D86FFAF29A7}.Release|iPhoneSimulator.ActiveCfg = Release|Any CPU
		{F9D816C0-2978-4D36-A8EF-7D86FFAF29A7}.Release|iPhoneSimulator.Build.0 = Release|Any CPU
		{F9D816C0-2978-4D36-A8EF-7D86FFAF29A7}.Release|iPhoneSimulator.Deploy.0 = Release|Any CPU
		{F9D816C0-2978-4D36-A8EF-7D86FFAF29A7}.Release|x64.ActiveCfg = Release|Any CPU
		{F9D816C0-2978-4D36-A8EF-7D86FFAF29A7}.Release|x64.Build.0 = Release|Any CPU
		{F9D816C0-2978-4D36-A8EF-7D86FFAF29A7}.Release|x64.Deploy.0 = Release|Any CPU
		{F9D816C0-2978-4D36-A8EF-7D86FFAF29A7}.Release|x86.ActiveCfg = Release|Any CPU
		{F9D816C0-2978-4D36-A8EF-7D86FFAF29A7}.Release|x86.Build.0 = Release|Any CPU
		{F9D816C0-2978-4D36-A8EF-7D86FFAF29A7}.Release|x86.Deploy.0 = Release|Any CPU
		{BF7A0A82-02BF-45C9-97CB-E9913B3E65FD}.Ad-Hoc|Any CPU.ActiveCfg = Ad-Hoc|iPhone
		{BF7A0A82-02BF-45C9-97CB-E9913B3E65FD}.Ad-Hoc|Any CPU.Build.0 = Ad-Hoc|iPhone
		{BF7A0A82-02BF-45C9-97CB-E9913B3E65FD}.Ad-Hoc|Any CPU.Deploy.0 = Ad-Hoc|iPhone
		{BF7A0A82-02BF-45C9-97CB-E9913B3E65FD}.Ad-Hoc|ARM.ActiveCfg = Ad-Hoc|iPhone
		{BF7A0A82-02BF-45C9-97CB-E9913B3E65FD}.Ad-Hoc|ARM.Build.0 = Ad-Hoc|iPhone
		{BF7A0A82-02BF-45C9-97CB-E9913B3E65FD}.Ad-Hoc|ARM.Deploy.0 = Ad-Hoc|iPhone
		{BF7A0A82-02BF-45C9-97CB-E9913B3E65FD}.Ad-Hoc|iPhone.ActiveCfg = Ad-Hoc|iPhone
		{BF7A0A82-02BF-45C9-97CB-E9913B3E65FD}.Ad-Hoc|iPhone.Build.0 = Ad-Hoc|iPhone
		{BF7A0A82-02BF-45C9-97CB-E9913B3E65FD}.Ad-Hoc|iPhone.Deploy.0 = Ad-Hoc|iPhone
		{BF7A0A82-02BF-45C9-97CB-E9913B3E65FD}.Ad-Hoc|iPhoneSimulator.ActiveCfg = Ad-Hoc|iPhoneSimulator
		{BF7A0A82-02BF-45C9-97CB-E9913B3E65FD}.Ad-Hoc|iPhoneSimulator.Build.0 = Ad-Hoc|iPhoneSimulator
		{BF7A0A82-02BF-45C9-97CB-E9913B3E65FD}.Ad-Hoc|iPhoneSimulator.Deploy.0 = Ad-Hoc|iPhoneSimulator
		{BF7A0A82-02BF-45C9-97CB-E9913B3E65FD}.Ad-Hoc|x64.ActiveCfg = Ad-Hoc|iPhone
		{BF7A0A82-02BF-45C9-97CB-E9913B3E65FD}.Ad-Hoc|x64.Build.0 = Ad-Hoc|iPhone
		{BF7A0A82-02BF-45C9-97CB-E9913B3E65FD}.Ad-Hoc|x64.Deploy.0 = Ad-Hoc|iPhone
		{BF7A0A82-02BF-45C9-97CB-E9913B3E65FD}.Ad-Hoc|x86.ActiveCfg = Ad-Hoc|iPhone
		{BF7A0A82-02BF-45C9-97CB-E9913B3E65FD}.Ad-Hoc|x86.Build.0 = Ad-Hoc|iPhone
		{BF7A0A82-02BF-45C9-97CB-E9913B3E65FD}.Ad-Hoc|x86.Deploy.0 = Ad-Hoc|iPhone
		{BF7A0A82-02BF-45C9-97CB-E9913B3E65FD}.AppStore|Any CPU.ActiveCfg = AppStore|iPhone
		{BF7A0A82-02BF-45C9-97CB-E9913B3E65FD}.AppStore|Any CPU.Build.0 = AppStore|iPhone
		{BF7A0A82-02BF-45C9-97CB-E9913B3E65FD}.AppStore|Any CPU.Deploy.0 = AppStore|iPhone
		{BF7A0A82-02BF-45C9-97CB-E9913B3E65FD}.AppStore|ARM.ActiveCfg = AppStore|iPhone
		{BF7A0A82-02BF-45C9-97CB-E9913B3E65FD}.AppStore|ARM.Build.0 = AppStore|iPhone
		{BF7A0A82-02BF-45C9-97CB-E9913B3E65FD}.AppStore|ARM.Deploy.0 = AppStore|iPhone
		{BF7A0A82-02BF-45C9-97CB-E9913B3E65FD}.AppStore|iPhone.ActiveCfg = AppStore|iPhone
		{BF7A0A82-02BF-45C9-97CB-E9913B3E65FD}.AppStore|iPhone.Build.0 = AppStore|iPhone
		{BF7A0A82-02BF-45C9-97CB-E9913B3E65FD}.AppStore|iPhone.Deploy.0 = AppStore|iPhone
		{BF7A0A82-02BF-45C9-97CB-E9913B3E65FD}.AppStore|iPhoneSimulator.ActiveCfg = AppStore|iPhoneSimulator
		{BF7A0A82-02BF-45C9-97CB-E9913B3E65FD}.AppStore|iPhoneSimulator.Build.0 = AppStore|iPhoneSimulator
		{BF7A0A82-02BF-45C9-97CB-E9913B3E65FD}.AppStore|iPhoneSimulator.Deploy.0 = AppStore|iPhoneSimulator
		{BF7A0A82-02BF-45C9-97CB-E9913B3E65FD}.AppStore|x64.ActiveCfg = AppStore|iPhone
		{BF7A0A82-02BF-45C9-97CB-E9913B3E65FD}.AppStore|x64.Build.0 = AppStore|iPhone
		{BF7A0A82-02BF-45C9-97CB-E9913B3E65FD}.AppStore|x64.Deploy.0 = AppStore|iPhone
		{BF7A0A82-02BF-45C9-97CB-E9913B3E65FD}.AppStore|x86.ActiveCfg = AppStore|iPhone
		{BF7A0A82-02BF-45C9-97CB-E9913B3E65FD}.AppStore|x86.Build.0 = AppStore|iPhone
		{BF7A0A82-02BF-45C9-97CB-E9913B3E65FD}.AppStore|x86.Deploy.0 = AppStore|iPhone
		{BF7A0A82-02BF-45C9-97CB-E9913B3E65FD}.Debug|Any CPU.ActiveCfg = Debug|iPhoneSimulator
		{BF7A0A82-02BF-45C9-97CB-E9913B3E65FD}.Debug|Any CPU.Build.0 = Debug|iPhoneSimulator
		{BF7A0A82-02BF-45C9-97CB-E9913B3E65FD}.Debug|Any CPU.Deploy.0 = Debug|iPhoneSimulator
		{BF7A0A82-02BF-45C9-97CB-E9913B3E65FD}.Debug|ARM.ActiveCfg = Debug|iPhone
		{BF7A0A82-02BF-45C9-97CB-E9913B3E65FD}.Debug|ARM.Build.0 = Debug|iPhone
		{BF7A0A82-02BF-45C9-97CB-E9913B3E65FD}.Debug|ARM.Deploy.0 = Debug|iPhone
		{BF7A0A82-02BF-45C9-97CB-E9913B3E65FD}.Debug|iPhone.ActiveCfg = Debug|iPhone
		{BF7A0A82-02BF-45C9-97CB-E9913B3E65FD}.Debug|iPhone.Build.0 = Debug|iPhone
		{BF7A0A82-02BF-45C9-97CB-E9913B3E65FD}.Debug|iPhone.Deploy.0 = Debug|iPhone
		{BF7A0A82-02BF-45C9-97CB-E9913B3E65FD}.Debug|iPhoneSimulator.ActiveCfg = Debug|iPhoneSimulator
		{BF7A0A82-02BF-45C9-97CB-E9913B3E65FD}.Debug|iPhoneSimulator.Build.0 = Debug|iPhoneSimulator
		{BF7A0A82-02BF-45C9-97CB-E9913B3E65FD}.Debug|iPhoneSimulator.Deploy.0 = Debug|iPhoneSimulator
		{BF7A0A82-02BF-45C9-97CB-E9913B3E65FD}.Debug|x64.ActiveCfg = Debug|iPhone
		{BF7A0A82-02BF-45C9-97CB-E9913B3E65FD}.Debug|x64.Build.0 = Debug|iPhone
		{BF7A0A82-02BF-45C9-97CB-E9913B3E65FD}.Debug|x64.Deploy.0 = Debug|iPhone
		{BF7A0A82-02BF-45C9-97CB-E9913B3E65FD}.Debug|x86.ActiveCfg = Debug|iPhone
		{BF7A0A82-02BF-45C9-97CB-E9913B3E65FD}.Debug|x86.Build.0 = Debug|iPhone
		{BF7A0A82-02BF-45C9-97CB-E9913B3E65FD}.Debug|x86.Deploy.0 = Debug|iPhone
		{BF7A0A82-02BF-45C9-97CB-E9913B3E65FD}.Release|Any CPU.ActiveCfg = Release|iPhone
		{BF7A0A82-02BF-45C9-97CB-E9913B3E65FD}.Release|Any CPU.Build.0 = Release|iPhone
		{BF7A0A82-02BF-45C9-97CB-E9913B3E65FD}.Release|Any CPU.Deploy.0 = Release|iPhone
		{BF7A0A82-02BF-45C9-97CB-E9913B3E65FD}.Release|ARM.ActiveCfg = Release|iPhone
		{BF7A0A82-02BF-45C9-97CB-E9913B3E65FD}.Release|ARM.Build.0 = Release|iPhone
		{BF7A0A82-02BF-45C9-97CB-E9913B3E65FD}.Release|ARM.Deploy.0 = Release|iPhone
		{BF7A0A82-02BF-45C9-97CB-E9913B3E65FD}.Release|iPhone.ActiveCfg = Release|iPhone
		{BF7A0A82-02BF-45C9-97CB-E9913B3E65FD}.Release|iPhone.Build.0 = Release|iPhone
		{BF7A0A82-02BF-45C9-97CB-E9913B3E65FD}.Release|iPhone.Deploy.0 = Release|iPhone
		{BF7A0A82-02BF-45C9-97CB-E9913B3E65FD}.Release|iPhoneSimulator.ActiveCfg = Release|iPhoneSimulator
		{BF7A0A82-02BF-45C9-97CB-E9913B3E65FD}.Release|iPhoneSimulator.Build.0 = Release|iPhoneSimulator
		{BF7A0A82-02BF-45C9-97CB-E9913B3E65FD}.Release|iPhoneSimulator.Deploy.0 = Release|iPhoneSimulator
		{BF7A0A82-02BF-45C9-97CB-E9913B3E65FD}.Release|x64.ActiveCfg = Release|iPhone
		{BF7A0A82-02BF-45C9-97CB-E9913B3E65FD}.Release|x64.Build.0 = Release|iPhone
		{BF7A0A82-02BF-45C9-97CB-E9913B3E65FD}.Release|x64.Deploy.0 = Release|iPhone
		{BF7A0A82-02BF-45C9-97CB-E9913B3E65FD}.Release|x86.ActiveCfg = Release|iPhone
		{BF7A0A82-02BF-45C9-97CB-E9913B3E65FD}.Release|x86.Build.0 = Release|iPhone
		{BF7A0A82-02BF-45C9-97CB-E9913B3E65FD}.Release|x86.Deploy.0 = Release|iPhone
		{1B330828-1454-45A2-B442-CF78A67F1164}.Ad-Hoc|Any CPU.ActiveCfg = Release|x86
		{1B330828-1454-45A2-B442-CF78A67F1164}.Ad-Hoc|Any CPU.Build.0 = Release|x86
		{1B330828-1454-45A2-B442-CF78A67F1164}.Ad-Hoc|Any CPU.Deploy.0 = Release|x86
		{1B330828-1454-45A2-B442-CF78A67F1164}.Ad-Hoc|ARM.ActiveCfg = Release|ARM
		{1B330828-1454-45A2-B442-CF78A67F1164}.Ad-Hoc|ARM.Build.0 = Release|ARM
		{1B330828-1454-45A2-B442-CF78A67F1164}.Ad-Hoc|ARM.Deploy.0 = Release|ARM
		{1B330828-1454-45A2-B442-CF78A67F1164}.Ad-Hoc|iPhone.ActiveCfg = Release|x86
		{1B330828-1454-45A2-B442-CF78A67F1164}.Ad-Hoc|iPhone.Build.0 = Release|x86
		{1B330828-1454-45A2-B442-CF78A67F1164}.Ad-Hoc|iPhone.Deploy.0 = Release|x86
		{1B330828-1454-45A2-B442-CF78A67F1164}.Ad-Hoc|iPhoneSimulator.ActiveCfg = Release|x86
		{1B330828-1454-45A2-B442-CF78A67F1164}.Ad-Hoc|iPhoneSimulator.Build.0 = Release|x86
		{1B330828-1454-45A2-B442-CF78A67F1164}.Ad-Hoc|iPhoneSimulator.Deploy.0 = Release|x86
		{1B330828-1454-45A2-B442-CF78A67F1164}.Ad-Hoc|x64.ActiveCfg = Release|x64
		{1B330828-1454-45A2-B442-CF78A67F1164}.Ad-Hoc|x64.Build.0 = Release|x64
		{1B330828-1454-45A2-B442-CF78A67F1164}.Ad-Hoc|x64.Deploy.0 = Release|x64
		{1B330828-1454-45A2-B442-CF78A67F1164}.Ad-Hoc|x86.ActiveCfg = Release|x86
		{1B330828-1454-45A2-B442-CF78A67F1164}.Ad-Hoc|x86.Build.0 = Release|x86
		{1B330828-1454-45A2-B442-CF78A67F1164}.Ad-Hoc|x86.Deploy.0 = Release|x86
		{1B330828-1454-45A2-B442-CF78A67F1164}.AppStore|Any CPU.ActiveCfg = Release|x86
		{1B330828-1454-45A2-B442-CF78A67F1164}.AppStore|Any CPU.Build.0 = Release|x86
		{1B330828-1454-45A2-B442-CF78A67F1164}.AppStore|Any CPU.Deploy.0 = Release|x86
		{1B330828-1454-45A2-B442-CF78A67F1164}.AppStore|ARM.ActiveCfg = Release|ARM
		{1B330828-1454-45A2-B442-CF78A67F1164}.AppStore|ARM.Build.0 = Release|ARM
		{1B330828-1454-45A2-B442-CF78A67F1164}.AppStore|ARM.Deploy.0 = Release|ARM
		{1B330828-1454-45A2-B442-CF78A67F1164}.AppStore|iPhone.ActiveCfg = Release|x86
		{1B330828-1454-45A2-B442-CF78A67F1164}.AppStore|iPhone.Build.0 = Release|x86
		{1B330828-1454-45A2-B442-CF78A67F1164}.AppStore|iPhone.Deploy.0 = Release|x86
		{1B330828-1454-45A2-B442-CF78A67F1164}.AppStore|iPhoneSimulator.ActiveCfg = Release|x86
		{1B330828-1454-45A2-B442-CF78A67F1164}.AppStore|iPhoneSimulator.Build.0 = Release|x86
		{1B330828-1454-45A2-B442-CF78A67F1164}.AppStore|iPhoneSimulator.Deploy.0 = Release|x86
		{1B330828-1454-45A2-B442-CF78A67F1164}.AppStore|x64.ActiveCfg = Release|x64
		{1B330828-1454-45A2-B442-CF78A67F1164}.AppStore|x64.Build.0 = Release|x64
		{1B330828-1454-45A2-B442-CF78A67F1164}.AppStore|x64.Deploy.0 = Release|x64
		{1B330828-1454-45A2-B442-CF78A67F1164}.AppStore|x86.ActiveCfg = Release|x86
		{1B330828-1454-45A2-B442-CF78A67F1164}.AppStore|x86.Build.0 = Release|x86
		{1B330828-1454-45A2-B442-CF78A67F1164}.AppStore|x86.Deploy.0 = Release|x86
		{1B330828-1454-45A2-B442-CF78A67F1164}.Debug|Any CPU.ActiveCfg = Debug|x86
		{1B330828-1454-45A2-B442-CF78A67F1164}.Debug|Any CPU.Build.0 = Debug|x86
		{1B330828-1454-45A2-B442-CF78A67F1164}.Debug|Any CPU.Deploy.0 = Debug|x86
		{1B330828-1454-45A2-B442-CF78A67F1164}.Debug|ARM.ActiveCfg = Debug|ARM
		{1B330828-1454-45A2-B442-CF78A67F1164}.Debug|ARM.Build.0 = Debug|ARM
		{1B330828-1454-45A2-B442-CF78A67F1164}.Debug|ARM.Deploy.0 = Debug|ARM
		{1B330828-1454-45A2-B442-CF78A67F1164}.Debug|iPhone.ActiveCfg = Debug|x86
		{1B330828-1454-45A2-B442-CF78A67F1164}.Debug|iPhone.Build.0 = Debug|x86
		{1B330828-1454-45A2-B442-CF78A67F1164}.Debug|iPhone.Deploy.0 = Debug|x86
		{1B330828-1454-45A2-B442-CF78A67F1164}.Debug|iPhoneSimulator.ActiveCfg = Debug|x86
		{1B330828-1454-45A2-B442-CF78A67F1164}.Debug|iPhoneSimulator.Build.0 = Debug|x86
		{1B330828-1454-45A2-B442-CF78A67F1164}.Debug|iPhoneSimulator.Deploy.0 = Debug|x86
		{1B330828-1454-45A2-B442-CF78A67F1164}.Debug|x64.ActiveCfg = Debug|x64
		{1B330828-1454-45A2-B442-CF78A67F1164}.Debug|x64.Build.0 = Debug|x64
		{1B330828-1454-45A2-B442-CF78A67F1164}.Debug|x64.Deploy.0 = Debug|x64
		{1B330828-1454-45A2-B442-CF78A67F1164}.Debug|x86.ActiveCfg = Debug|x86
		{1B330828-1454-45A2-B442-CF78A67F1164}.Debug|x86.Build.0 = Debug|x86
		{1B330828-1454-45A2-B442-CF78A67F1164}.Debug|x86.Deploy.0 = Debug|x86
		{1B330828-1454-45A2-B442-CF78A67F1164}.Release|Any CPU.ActiveCfg = Release|x86
		{1B330828-1454-45A2-B442-CF78A67F1164}.Release|Any CPU.Build.0 = Release|x86
		{1B330828-1454-45A2-B442-CF78A67F1164}.Release|Any CPU.Deploy.0 = Release|x86
		{1B330828-1454-45A2-B442-CF78A67F1164}.Release|ARM.ActiveCfg = Release|ARM
		{1B330828-1454-45A2-B442-CF78A67F1164}.Release|ARM.Build.0 = Release|ARM
		{1B330828-1454-45A2-B442-CF78A67F1164}.Release|ARM.Deploy.0 = Release|ARM
		{1B330828-1454-45A2-B442-CF78A67F1164}.Release|iPhone.ActiveCfg = Release|x86
		{1B330828-1454-45A2-B442-CF78A67F1164}.Release|iPhone.Build.0 = Release|x86
		{1B330828-1454-45A2-B442-CF78A67F1164}.Release|iPhone.Deploy.0 = Release|x86
		{1B330828-1454-45A2-B442-CF78A67F1164}.Release|iPhoneSimulator.ActiveCfg = Release|x86
		{1B330828-1454-45A2-B442-CF78A67F1164}.Release|iPhoneSimulator.Build.0 = Release|x86
		{1B330828-1454-45A2-B442-CF78A67F1164}.Release|iPhoneSimulator.Deploy.0 = Release|x86
		{1B330828-1454-45A2-B442-CF78A67F1164}.Release|x64.ActiveCfg = Release|x64
		{1B330828-1454-45A2-B442-CF78A67F1164}.Release|x64.Build.0 = Release|x64
		{1B330828-1454-45A2-B442-CF78A67F1164}.Release|x64.Deploy.0 = Release|x64
		{1B330828-1454-45A2-B442-CF78A67F1164}.Release|x86.ActiveCfg = Release|x86
		{1B330828-1454-45A2-B442-CF78A67F1164}.Release|x86.Build.0 = Release|x86
		{1B330828-1454-45A2-B442-CF78A67F1164}.Release|x86.Deploy.0 = Release|x86
		{A770AB7E-9316-450A-AC54-B4E034C80191}.Ad-Hoc|Any CPU.ActiveCfg = Debug|Any CPU
		{A770AB7E-9316-450A-AC54-B4E034C80191}.Ad-Hoc|Any CPU.Build.0 = Debug|Any CPU
		{A770AB7E-9316-450A-AC54-B4E034C80191}.Ad-Hoc|Any CPU.Deploy.0 = Debug|Any CPU
		{A770AB7E-9316-450A-AC54-B4E034C80191}.Ad-Hoc|ARM.ActiveCfg = Debug|Any CPU
		{A770AB7E-9316-450A-AC54-B4E034C80191}.Ad-Hoc|ARM.Build.0 = Debug|Any CPU
		{A770AB7E-9316-450A-AC54-B4E034C80191}.Ad-Hoc|ARM.Deploy.0 = Debug|Any CPU
		{A770AB7E-9316-450A-AC54-B4E034C80191}.Ad-Hoc|iPhone.ActiveCfg = Debug|Any CPU
		{A770AB7E-9316-450A-AC54-B4E034C80191}.Ad-Hoc|iPhone.Build.0 = Debug|Any CPU
		{A770AB7E-9316-450A-AC54-B4E034C80191}.Ad-Hoc|iPhone.Deploy.0 = Debug|Any CPU
		{A770AB7E-9316-450A-AC54-B4E034C80191}.Ad-Hoc|iPhoneSimulator.ActiveCfg = Debug|Any CPU
		{A770AB7E-9316-450A-AC54-B4E034C80191}.Ad-Hoc|iPhoneSimulator.Build.0 = Debug|Any CPU
		{A770AB7E-9316-450A-AC54-B4E034C80191}.Ad-Hoc|iPhoneSimulator.Deploy.0 = Debug|Any CPU
		{A770AB7E-9316-450A-AC54-B4E034C80191}.Ad-Hoc|x64.ActiveCfg = Debug|Any CPU
		{A770AB7E-9316-450A-AC54-B4E034C80191}.Ad-Hoc|x64.Build.0 = Debug|Any CPU
		{A770AB7E-9316-450A-AC54-B4E034C80191}.Ad-Hoc|x64.Deploy.0 = Debug|Any CPU
		{A770AB7E-9316-450A-AC54-B4E034C80191}.Ad-Hoc|x86.ActiveCfg = Debug|Any CPU
		{A770AB7E-9316-450A-AC54-B4E034C80191}.Ad-Hoc|x86.Build.0 = Debug|Any CPU
		{A770AB7E-9316-450A-AC54-B4E034C80191}.Ad-Hoc|x86.Deploy.0 = Debug|Any CPU
		{A770AB7E-9316-450A-AC54-B4E034C80191}.AppStore|Any CPU.ActiveCfg = Debug|Any CPU
		{A770AB7E-9316-450A-AC54-B4E034C80191}.AppStore|Any CPU.Build.0 = Debug|Any CPU
		{A770AB7E-9316-450A-AC54-B4E034C80191}.AppStore|Any CPU.Deploy.0 = Debug|Any CPU
		{A770AB7E-9316-450A-AC54-B4E034C80191}.AppStore|ARM.ActiveCfg = Debug|Any CPU
		{A770AB7E-9316-450A-AC54-B4E034C80191}.AppStore|ARM.Build.0 = Debug|Any CPU
		{A770AB7E-9316-450A-AC54-B4E034C80191}.AppStore|ARM.Deploy.0 = Debug|Any CPU
		{A770AB7E-9316-450A-AC54-B4E034C80191}.AppStore|iPhone.ActiveCfg = Debug|Any CPU
		{A770AB7E-9316-450A-AC54-B4E034C80191}.AppStore|iPhone.Build.0 = Debug|Any CPU
		{A770AB7E-9316-450A-AC54-B4E034C80191}.AppStore|iPhone.Deploy.0 = Debug|Any CPU
		{A770AB7E-9316-450A-AC54-B4E034C80191}.AppStore|iPhoneSimulator.ActiveCfg = Debug|Any CPU
		{A770AB7E-9316-450A-AC54-B4E034C80191}.AppStore|iPhoneSimulator.Build.0 = Debug|Any CPU
		{A770AB7E-9316-450A-AC54-B4E034C80191}.AppStore|iPhoneSimulator.Deploy.0 = Debug|Any CPU
		{A770AB7E-9316-450A-AC54-B4E034C80191}.AppStore|x64.ActiveCfg = Debug|Any CPU
		{A770AB7E-9316-450A-AC54-B4E034C80191}.AppStore|x64.Build.0 = Debug|Any CPU
		{A770AB7E-9316-450A-AC54-B4E034C80191}.AppStore|x64.Deploy.0 = Debug|Any CPU
		{A770AB7E-9316-450A-AC54-B4E034C80191}.AppStore|x86.ActiveCfg = Debug|Any CPU
		{A770AB7E-9316-450A-AC54-B4E034C80191}.AppStore|x86.Build.0 = Debug|Any CPU
		{A770AB7E-9316-450A-AC54-B4E034C80191}.AppStore|x86.Deploy.0 = Debug|Any CPU
		{A770AB7E-9316-450A-AC54-B4E034C80191}.Debug|Any CPU.ActiveCfg = Debug|Any CPU
		{A770AB7E-9316-450A-AC54-B4E034C80191}.Debug|Any CPU.Build.0 = Debug|Any CPU
		{A770AB7E-9316-450A-AC54-B4E034C80191}.Debug|Any CPU.Deploy.0 = Debug|Any CPU
		{A770AB7E-9316-450A-AC54-B4E034C80191}.Debug|ARM.ActiveCfg = Debug|Any CPU
		{A770AB7E-9316-450A-AC54-B4E034C80191}.Debug|ARM.Build.0 = Debug|Any CPU
		{A770AB7E-9316-450A-AC54-B4E034C80191}.Debug|ARM.Deploy.0 = Debug|Any CPU
		{A770AB7E-9316-450A-AC54-B4E034C80191}.Debug|iPhone.ActiveCfg = Debug|Any CPU
		{A770AB7E-9316-450A-AC54-B4E034C80191}.Debug|iPhone.Build.0 = Debug|Any CPU
		{A770AB7E-9316-450A-AC54-B4E034C80191}.Debug|iPhone.Deploy.0 = Debug|Any CPU
		{A770AB7E-9316-450A-AC54-B4E034C80191}.Debug|iPhoneSimulator.ActiveCfg = Debug|Any CPU
		{A770AB7E-9316-450A-AC54-B4E034C80191}.Debug|iPhoneSimulator.Build.0 = Debug|Any CPU
		{A770AB7E-9316-450A-AC54-B4E034C80191}.Debug|iPhoneSimulator.Deploy.0 = Debug|Any CPU
		{A770AB7E-9316-450A-AC54-B4E034C80191}.Debug|x64.ActiveCfg = Debug|Any CPU
		{A770AB7E-9316-450A-AC54-B4E034C80191}.Debug|x64.Build.0 = Debug|Any CPU
		{A770AB7E-9316-450A-AC54-B4E034C80191}.Debug|x64.Deploy.0 = Debug|Any CPU
		{A770AB7E-9316-450A-AC54-B4E034C80191}.Debug|x86.ActiveCfg = Debug|Any CPU
		{A770AB7E-9316-450A-AC54-B4E034C80191}.Debug|x86.Build.0 = Debug|Any CPU
		{A770AB7E-9316-450A-AC54-B4E034C80191}.Debug|x86.Deploy.0 = Debug|Any CPU
		{A770AB7E-9316-450A-AC54-B4E034C80191}.Release|Any CPU.ActiveCfg = Release|Any CPU
		{A770AB7E-9316-450A-AC54-B4E034C80191}.Release|Any CPU.Build.0 = Release|Any CPU
		{A770AB7E-9316-450A-AC54-B4E034C80191}.Release|Any CPU.Deploy.0 = Release|Any CPU
		{A770AB7E-9316-450A-AC54-B4E034C80191}.Release|ARM.ActiveCfg = Release|Any CPU
		{A770AB7E-9316-450A-AC54-B4E034C80191}.Release|ARM.Build.0 = Release|Any CPU
		{A770AB7E-9316-450A-AC54-B4E034C80191}.Release|ARM.Deploy.0 = Release|Any CPU
		{A770AB7E-9316-450A-AC54-B4E034C80191}.Release|iPhone.ActiveCfg = Release|Any CPU
		{A770AB7E-9316-450A-AC54-B4E034C80191}.Release|iPhone.Build.0 = Release|Any CPU
		{A770AB7E-9316-450A-AC54-B4E034C80191}.Release|iPhone.Deploy.0 = Release|Any CPU
		{A770AB7E-9316-450A-AC54-B4E034C80191}.Release|iPhoneSimulator.ActiveCfg = Release|Any CPU
		{A770AB7E-9316-450A-AC54-B4E034C80191}.Release|iPhoneSimulator.Build.0 = Release|Any CPU
		{A770AB7E-9316-450A-AC54-B4E034C80191}.Release|iPhoneSimulator.Deploy.0 = Release|Any CPU
		{A770AB7E-9316-450A-AC54-B4E034C80191}.Release|x64.ActiveCfg = Release|Any CPU
		{A770AB7E-9316-450A-AC54-B4E034C80191}.Release|x64.Build.0 = Release|Any CPU
		{A770AB7E-9316-450A-AC54-B4E034C80191}.Release|x64.Deploy.0 = Release|Any CPU
		{A770AB7E-9316-450A-AC54-B4E034C80191}.Release|x86.ActiveCfg = Release|Any CPU
		{A770AB7E-9316-450A-AC54-B4E034C80191}.Release|x86.Build.0 = Release|Any CPU
		{A770AB7E-9316-450A-AC54-B4E034C80191}.Release|x86.Deploy.0 = Release|Any CPU
		{5302A341-E6AA-4B0A-8725-516336334843}.Ad-Hoc|Any CPU.ActiveCfg = Release|Any CPU
		{5302A341-E6AA-4B0A-8725-516336334843}.Ad-Hoc|Any CPU.Build.0 = Release|Any CPU
		{5302A341-E6AA-4B0A-8725-516336334843}.Ad-Hoc|ARM.ActiveCfg = Release|Any CPU
		{5302A341-E6AA-4B0A-8725-516336334843}.Ad-Hoc|ARM.Build.0 = Release|Any CPU
		{5302A341-E6AA-4B0A-8725-516336334843}.Ad-Hoc|iPhone.ActiveCfg = Release|Any CPU
		{5302A341-E6AA-4B0A-8725-516336334843}.Ad-Hoc|iPhone.Build.0 = Release|Any CPU
		{5302A341-E6AA-4B0A-8725-516336334843}.Ad-Hoc|iPhoneSimulator.ActiveCfg = Release|Any CPU
		{5302A341-E6AA-4B0A-8725-516336334843}.Ad-Hoc|iPhoneSimulator.Build.0 = Release|Any CPU
		{5302A341-E6AA-4B0A-8725-516336334843}.Ad-Hoc|x64.ActiveCfg = Release|Any CPU
		{5302A341-E6AA-4B0A-8725-516336334843}.Ad-Hoc|x64.Build.0 = Release|Any CPU
		{5302A341-E6AA-4B0A-8725-516336334843}.Ad-Hoc|x86.ActiveCfg = Release|Any CPU
		{5302A341-E6AA-4B0A-8725-516336334843}.Ad-Hoc|x86.Build.0 = Release|Any CPU
		{5302A341-E6AA-4B0A-8725-516336334843}.AppStore|Any CPU.ActiveCfg = Release|Any CPU
		{5302A341-E6AA-4B0A-8725-516336334843}.AppStore|Any CPU.Build.0 = Release|Any CPU
		{5302A341-E6AA-4B0A-8725-516336334843}.AppStore|ARM.ActiveCfg = Release|Any CPU
		{5302A341-E6AA-4B0A-8725-516336334843}.AppStore|ARM.Build.0 = Release|Any CPU
		{5302A341-E6AA-4B0A-8725-516336334843}.AppStore|iPhone.ActiveCfg = Release|Any CPU
		{5302A341-E6AA-4B0A-8725-516336334843}.AppStore|iPhone.Build.0 = Release|Any CPU
		{5302A341-E6AA-4B0A-8725-516336334843}.AppStore|iPhoneSimulator.ActiveCfg = Release|Any CPU
		{5302A341-E6AA-4B0A-8725-516336334843}.AppStore|iPhoneSimulator.Build.0 = Release|Any CPU
		{5302A341-E6AA-4B0A-8725-516336334843}.AppStore|x64.ActiveCfg = Release|Any CPU
		{5302A341-E6AA-4B0A-8725-516336334843}.AppStore|x64.Build.0 = Release|Any CPU
		{5302A341-E6AA-4B0A-8725-516336334843}.AppStore|x86.ActiveCfg = Release|Any CPU
		{5302A341-E6AA-4B0A-8725-516336334843}.AppStore|x86.Build.0 = Release|Any CPU
		{5302A341-E6AA-4B0A-8725-516336334843}.Debug|Any CPU.ActiveCfg = Debug|Any CPU
		{5302A341-E6AA-4B0A-8725-516336334843}.Debug|Any CPU.Build.0 = Debug|Any CPU
		{5302A341-E6AA-4B0A-8725-516336334843}.Debug|ARM.ActiveCfg = Debug|Any CPU
		{5302A341-E6AA-4B0A-8725-516336334843}.Debug|ARM.Build.0 = Debug|Any CPU
		{5302A341-E6AA-4B0A-8725-516336334843}.Debug|iPhone.ActiveCfg = Debug|Any CPU
		{5302A341-E6AA-4B0A-8725-516336334843}.Debug|iPhone.Build.0 = Debug|Any CPU
		{5302A341-E6AA-4B0A-8725-516336334843}.Debug|iPhoneSimulator.ActiveCfg = Debug|Any CPU
		{5302A341-E6AA-4B0A-8725-516336334843}.Debug|iPhoneSimulator.Build.0 = Debug|Any CPU
		{5302A341-E6AA-4B0A-8725-516336334843}.Debug|x64.ActiveCfg = Debug|Any CPU
		{5302A341-E6AA-4B0A-8725-516336334843}.Debug|x64.Build.0 = Debug|Any CPU
		{5302A341-E6AA-4B0A-8725-516336334843}.Debug|x86.ActiveCfg = Debug|Any CPU
		{5302A341-E6AA-4B0A-8725-516336334843}.Debug|x86.Build.0 = Debug|Any CPU
		{5302A341-E6AA-4B0A-8725-516336334843}.Release|Any CPU.ActiveCfg = Release|Any CPU
		{5302A341-E6AA-4B0A-8725-516336334843}.Release|Any CPU.Build.0 = Release|Any CPU
		{5302A341-E6AA-4B0A-8725-516336334843}.Release|ARM.ActiveCfg = Release|Any CPU
		{5302A341-E6AA-4B0A-8725-516336334843}.Release|ARM.Build.0 = Release|Any CPU
		{5302A341-E6AA-4B0A-8725-516336334843}.Release|iPhone.ActiveCfg = Release|Any CPU
		{5302A341-E6AA-4B0A-8725-516336334843}.Release|iPhone.Build.0 = Release|Any CPU
		{5302A341-E6AA-4B0A-8725-516336334843}.Release|iPhoneSimulator.ActiveCfg = Release|Any CPU
		{5302A341-E6AA-4B0A-8725-516336334843}.Release|iPhoneSimulator.Build.0 = Release|Any CPU
		{5302A341-E6AA-4B0A-8725-516336334843}.Release|x64.ActiveCfg = Release|Any CPU
		{5302A341-E6AA-4B0A-8725-516336334843}.Release|x64.Build.0 = Release|Any CPU
		{5302A341-E6AA-4B0A-8725-516336334843}.Release|x86.ActiveCfg = Release|Any CPU
		{5302A341-E6AA-4B0A-8725-516336334843}.Release|x86.Build.0 = Release|Any CPU
		{E55FD65C-B7E7-4AB7-B65D-EA9B755F2B67}.Ad-Hoc|Any CPU.ActiveCfg = Release|Any CPU
		{E55FD65C-B7E7-4AB7-B65D-EA9B755F2B67}.Ad-Hoc|Any CPU.Build.0 = Release|Any CPU
		{E55FD65C-B7E7-4AB7-B65D-EA9B755F2B67}.Ad-Hoc|ARM.ActiveCfg = Release|Any CPU
		{E55FD65C-B7E7-4AB7-B65D-EA9B755F2B67}.Ad-Hoc|ARM.Build.0 = Release|Any CPU
		{E55FD65C-B7E7-4AB7-B65D-EA9B755F2B67}.Ad-Hoc|iPhone.ActiveCfg = Release|Any CPU
		{E55FD65C-B7E7-4AB7-B65D-EA9B755F2B67}.Ad-Hoc|iPhone.Build.0 = Release|Any CPU
		{E55FD65C-B7E7-4AB7-B65D-EA9B755F2B67}.Ad-Hoc|iPhoneSimulator.ActiveCfg = Release|Any CPU
		{E55FD65C-B7E7-4AB7-B65D-EA9B755F2B67}.Ad-Hoc|iPhoneSimulator.Build.0 = Release|Any CPU
		{E55FD65C-B7E7-4AB7-B65D-EA9B755F2B67}.Ad-Hoc|x64.ActiveCfg = Release|Any CPU
		{E55FD65C-B7E7-4AB7-B65D-EA9B755F2B67}.Ad-Hoc|x64.Build.0 = Release|Any CPU
		{E55FD65C-B7E7-4AB7-B65D-EA9B755F2B67}.Ad-Hoc|x86.ActiveCfg = Release|Any CPU
		{E55FD65C-B7E7-4AB7-B65D-EA9B755F2B67}.Ad-Hoc|x86.Build.0 = Release|Any CPU
		{E55FD65C-B7E7-4AB7-B65D-EA9B755F2B67}.AppStore|Any CPU.ActiveCfg = Release|Any CPU
		{E55FD65C-B7E7-4AB7-B65D-EA9B755F2B67}.AppStore|Any CPU.Build.0 = Release|Any CPU
		{E55FD65C-B7E7-4AB7-B65D-EA9B755F2B67}.AppStore|ARM.ActiveCfg = Release|Any CPU
		{E55FD65C-B7E7-4AB7-B65D-EA9B755F2B67}.AppStore|ARM.Build.0 = Release|Any CPU
		{E55FD65C-B7E7-4AB7-B65D-EA9B755F2B67}.AppStore|iPhone.ActiveCfg = Release|Any CPU
		{E55FD65C-B7E7-4AB7-B65D-EA9B755F2B67}.AppStore|iPhone.Build.0 = Release|Any CPU
		{E55FD65C-B7E7-4AB7-B65D-EA9B755F2B67}.AppStore|iPhoneSimulator.ActiveCfg = Release|Any CPU
		{E55FD65C-B7E7-4AB7-B65D-EA9B755F2B67}.AppStore|iPhoneSimulator.Build.0 = Release|Any CPU
		{E55FD65C-B7E7-4AB7-B65D-EA9B755F2B67}.AppStore|x64.ActiveCfg = Release|Any CPU
		{E55FD65C-B7E7-4AB7-B65D-EA9B755F2B67}.AppStore|x64.Build.0 = Release|Any CPU
		{E55FD65C-B7E7-4AB7-B65D-EA9B755F2B67}.AppStore|x86.ActiveCfg = Release|Any CPU
		{E55FD65C-B7E7-4AB7-B65D-EA9B755F2B67}.AppStore|x86.Build.0 = Release|Any CPU
		{E55FD65C-B7E7-4AB7-B65D-EA9B755F2B67}.Debug|Any CPU.ActiveCfg = Debug|Any CPU
		{E55FD65C-B7E7-4AB7-B65D-EA9B755F2B67}.Debug|Any CPU.Build.0 = Debug|Any CPU
		{E55FD65C-B7E7-4AB7-B65D-EA9B755F2B67}.Debug|ARM.ActiveCfg = Debug|Any CPU
		{E55FD65C-B7E7-4AB7-B65D-EA9B755F2B67}.Debug|ARM.Build.0 = Debug|Any CPU
		{E55FD65C-B7E7-4AB7-B65D-EA9B755F2B67}.Debug|iPhone.ActiveCfg = Debug|Any CPU
		{E55FD65C-B7E7-4AB7-B65D-EA9B755F2B67}.Debug|iPhone.Build.0 = Debug|Any CPU
		{E55FD65C-B7E7-4AB7-B65D-EA9B755F2B67}.Debug|iPhoneSimulator.ActiveCfg = Debug|Any CPU
		{E55FD65C-B7E7-4AB7-B65D-EA9B755F2B67}.Debug|iPhoneSimulator.Build.0 = Debug|Any CPU
		{E55FD65C-B7E7-4AB7-B65D-EA9B755F2B67}.Debug|x64.ActiveCfg = Debug|Any CPU
		{E55FD65C-B7E7-4AB7-B65D-EA9B755F2B67}.Debug|x64.Build.0 = Debug|Any CPU
		{E55FD65C-B7E7-4AB7-B65D-EA9B755F2B67}.Debug|x86.ActiveCfg = Debug|Any CPU
		{E55FD65C-B7E7-4AB7-B65D-EA9B755F2B67}.Debug|x86.Build.0 = Debug|Any CPU
		{E55FD65C-B7E7-4AB7-B65D-EA9B755F2B67}.Release|Any CPU.ActiveCfg = Release|Any CPU
		{E55FD65C-B7E7-4AB7-B65D-EA9B755F2B67}.Release|Any CPU.Build.0 = Release|Any CPU
		{E55FD65C-B7E7-4AB7-B65D-EA9B755F2B67}.Release|ARM.ActiveCfg = Release|Any CPU
		{E55FD65C-B7E7-4AB7-B65D-EA9B755F2B67}.Release|ARM.Build.0 = Release|Any CPU
		{E55FD65C-B7E7-4AB7-B65D-EA9B755F2B67}.Release|iPhone.ActiveCfg = Release|Any CPU
		{E55FD65C-B7E7-4AB7-B65D-EA9B755F2B67}.Release|iPhone.Build.0 = Release|Any CPU
		{E55FD65C-B7E7-4AB7-B65D-EA9B755F2B67}.Release|iPhoneSimulator.ActiveCfg = Release|Any CPU
		{E55FD65C-B7E7-4AB7-B65D-EA9B755F2B67}.Release|iPhoneSimulator.Build.0 = Release|Any CPU
		{E55FD65C-B7E7-4AB7-B65D-EA9B755F2B67}.Release|x64.ActiveCfg = Release|Any CPU
		{E55FD65C-B7E7-4AB7-B65D-EA9B755F2B67}.Release|x64.Build.0 = Release|Any CPU
		{E55FD65C-B7E7-4AB7-B65D-EA9B755F2B67}.Release|x86.ActiveCfg = Release|Any CPU
		{E55FD65C-B7E7-4AB7-B65D-EA9B755F2B67}.Release|x86.Build.0 = Release|Any CPU
		{BBBACFB3-DD96-493F-BE3F-19E86D2AC2A3}.Ad-Hoc|Any CPU.ActiveCfg = Release|Any CPU
		{BBBACFB3-DD96-493F-BE3F-19E86D2AC2A3}.Ad-Hoc|Any CPU.Build.0 = Release|Any CPU
		{BBBACFB3-DD96-493F-BE3F-19E86D2AC2A3}.Ad-Hoc|ARM.ActiveCfg = Release|Any CPU
		{BBBACFB3-DD96-493F-BE3F-19E86D2AC2A3}.Ad-Hoc|ARM.Build.0 = Release|Any CPU
		{BBBACFB3-DD96-493F-BE3F-19E86D2AC2A3}.Ad-Hoc|iPhone.ActiveCfg = Release|Any CPU
		{BBBACFB3-DD96-493F-BE3F-19E86D2AC2A3}.Ad-Hoc|iPhone.Build.0 = Release|Any CPU
		{BBBACFB3-DD96-493F-BE3F-19E86D2AC2A3}.Ad-Hoc|iPhoneSimulator.ActiveCfg = Release|Any CPU
		{BBBACFB3-DD96-493F-BE3F-19E86D2AC2A3}.Ad-Hoc|iPhoneSimulator.Build.0 = Release|Any CPU
		{BBBACFB3-DD96-493F-BE3F-19E86D2AC2A3}.Ad-Hoc|x64.ActiveCfg = Release|Any CPU
		{BBBACFB3-DD96-493F-BE3F-19E86D2AC2A3}.Ad-Hoc|x64.Build.0 = Release|Any CPU
		{BBBACFB3-DD96-493F-BE3F-19E86D2AC2A3}.Ad-Hoc|x86.ActiveCfg = Release|Any CPU
		{BBBACFB3-DD96-493F-BE3F-19E86D2AC2A3}.Ad-Hoc|x86.Build.0 = Release|Any CPU
		{BBBACFB3-DD96-493F-BE3F-19E86D2AC2A3}.AppStore|Any CPU.ActiveCfg = Release|Any CPU
		{BBBACFB3-DD96-493F-BE3F-19E86D2AC2A3}.AppStore|Any CPU.Build.0 = Release|Any CPU
		{BBBACFB3-DD96-493F-BE3F-19E86D2AC2A3}.AppStore|ARM.ActiveCfg = Release|Any CPU
		{BBBACFB3-DD96-493F-BE3F-19E86D2AC2A3}.AppStore|ARM.Build.0 = Release|Any CPU
		{BBBACFB3-DD96-493F-BE3F-19E86D2AC2A3}.AppStore|iPhone.ActiveCfg = Release|Any CPU
		{BBBACFB3-DD96-493F-BE3F-19E86D2AC2A3}.AppStore|iPhone.Build.0 = Release|Any CPU
		{BBBACFB3-DD96-493F-BE3F-19E86D2AC2A3}.AppStore|iPhoneSimulator.ActiveCfg = Release|Any CPU
		{BBBACFB3-DD96-493F-BE3F-19E86D2AC2A3}.AppStore|iPhoneSimulator.Build.0 = Release|Any CPU
		{BBBACFB3-DD96-493F-BE3F-19E86D2AC2A3}.AppStore|x64.ActiveCfg = Release|Any CPU
		{BBBACFB3-DD96-493F-BE3F-19E86D2AC2A3}.AppStore|x64.Build.0 = Release|Any CPU
		{BBBACFB3-DD96-493F-BE3F-19E86D2AC2A3}.AppStore|x86.ActiveCfg = Release|Any CPU
		{BBBACFB3-DD96-493F-BE3F-19E86D2AC2A3}.AppStore|x86.Build.0 = Release|Any CPU
		{BBBACFB3-DD96-493F-BE3F-19E86D2AC2A3}.Debug|Any CPU.ActiveCfg = Debug|Any CPU
		{BBBACFB3-DD96-493F-BE3F-19E86D2AC2A3}.Debug|Any CPU.Build.0 = Debug|Any CPU
		{BBBACFB3-DD96-493F-BE3F-19E86D2AC2A3}.Debug|ARM.ActiveCfg = Debug|Any CPU
		{BBBACFB3-DD96-493F-BE3F-19E86D2AC2A3}.Debug|ARM.Build.0 = Debug|Any CPU
		{BBBACFB3-DD96-493F-BE3F-19E86D2AC2A3}.Debug|iPhone.ActiveCfg = Debug|Any CPU
		{BBBACFB3-DD96-493F-BE3F-19E86D2AC2A3}.Debug|iPhone.Build.0 = Debug|Any CPU
		{BBBACFB3-DD96-493F-BE3F-19E86D2AC2A3}.Debug|iPhoneSimulator.ActiveCfg = Debug|Any CPU
		{BBBACFB3-DD96-493F-BE3F-19E86D2AC2A3}.Debug|iPhoneSimulator.Build.0 = Debug|Any CPU
		{BBBACFB3-DD96-493F-BE3F-19E86D2AC2A3}.Debug|x64.ActiveCfg = Debug|Any CPU
		{BBBACFB3-DD96-493F-BE3F-19E86D2AC2A3}.Debug|x64.Build.0 = Debug|Any CPU
		{BBBACFB3-DD96-493F-BE3F-19E86D2AC2A3}.Debug|x86.ActiveCfg = Debug|Any CPU
		{BBBACFB3-DD96-493F-BE3F-19E86D2AC2A3}.Debug|x86.Build.0 = Debug|Any CPU
		{BBBACFB3-DD96-493F-BE3F-19E86D2AC2A3}.Release|Any CPU.ActiveCfg = Release|Any CPU
		{BBBACFB3-DD96-493F-BE3F-19E86D2AC2A3}.Release|Any CPU.Build.0 = Release|Any CPU
		{BBBACFB3-DD96-493F-BE3F-19E86D2AC2A3}.Release|ARM.ActiveCfg = Release|Any CPU
		{BBBACFB3-DD96-493F-BE3F-19E86D2AC2A3}.Release|ARM.Build.0 = Release|Any CPU
		{BBBACFB3-DD96-493F-BE3F-19E86D2AC2A3}.Release|iPhone.ActiveCfg = Release|Any CPU
		{BBBACFB3-DD96-493F-BE3F-19E86D2AC2A3}.Release|iPhone.Build.0 = Release|Any CPU
		{BBBACFB3-DD96-493F-BE3F-19E86D2AC2A3}.Release|iPhoneSimulator.ActiveCfg = Release|Any CPU
		{BBBACFB3-DD96-493F-BE3F-19E86D2AC2A3}.Release|iPhoneSimulator.Build.0 = Release|Any CPU
		{BBBACFB3-DD96-493F-BE3F-19E86D2AC2A3}.Release|x64.ActiveCfg = Release|Any CPU
		{BBBACFB3-DD96-493F-BE3F-19E86D2AC2A3}.Release|x64.Build.0 = Release|Any CPU
		{BBBACFB3-DD96-493F-BE3F-19E86D2AC2A3}.Release|x86.ActiveCfg = Release|Any CPU
		{BBBACFB3-DD96-493F-BE3F-19E86D2AC2A3}.Release|x86.Build.0 = Release|Any CPU
		{A40B6628-1ADF-4E15-B7B0-F0989E00A97A}.Ad-Hoc|Any CPU.ActiveCfg = Release|Any CPU
		{A40B6628-1ADF-4E15-B7B0-F0989E00A97A}.Ad-Hoc|Any CPU.Build.0 = Release|Any CPU
		{A40B6628-1ADF-4E15-B7B0-F0989E00A97A}.Ad-Hoc|ARM.ActiveCfg = Release|Any CPU
		{A40B6628-1ADF-4E15-B7B0-F0989E00A97A}.Ad-Hoc|ARM.Build.0 = Release|Any CPU
		{A40B6628-1ADF-4E15-B7B0-F0989E00A97A}.Ad-Hoc|iPhone.ActiveCfg = Release|Any CPU
		{A40B6628-1ADF-4E15-B7B0-F0989E00A97A}.Ad-Hoc|iPhone.Build.0 = Release|Any CPU
		{A40B6628-1ADF-4E15-B7B0-F0989E00A97A}.Ad-Hoc|iPhoneSimulator.ActiveCfg = Release|Any CPU
		{A40B6628-1ADF-4E15-B7B0-F0989E00A97A}.Ad-Hoc|iPhoneSimulator.Build.0 = Release|Any CPU
		{A40B6628-1ADF-4E15-B7B0-F0989E00A97A}.Ad-Hoc|x64.ActiveCfg = Release|Any CPU
		{A40B6628-1ADF-4E15-B7B0-F0989E00A97A}.Ad-Hoc|x64.Build.0 = Release|Any CPU
		{A40B6628-1ADF-4E15-B7B0-F0989E00A97A}.Ad-Hoc|x86.ActiveCfg = Release|Any CPU
		{A40B6628-1ADF-4E15-B7B0-F0989E00A97A}.Ad-Hoc|x86.Build.0 = Release|Any CPU
		{A40B6628-1ADF-4E15-B7B0-F0989E00A97A}.AppStore|Any CPU.ActiveCfg = Release|Any CPU
		{A40B6628-1ADF-4E15-B7B0-F0989E00A97A}.AppStore|Any CPU.Build.0 = Release|Any CPU
		{A40B6628-1ADF-4E15-B7B0-F0989E00A97A}.AppStore|ARM.ActiveCfg = Release|Any CPU
		{A40B6628-1ADF-4E15-B7B0-F0989E00A97A}.AppStore|ARM.Build.0 = Release|Any CPU
		{A40B6628-1ADF-4E15-B7B0-F0989E00A97A}.AppStore|iPhone.ActiveCfg = Release|Any CPU
		{A40B6628-1ADF-4E15-B7B0-F0989E00A97A}.AppStore|iPhone.Build.0 = Release|Any CPU
		{A40B6628-1ADF-4E15-B7B0-F0989E00A97A}.AppStore|iPhoneSimulator.ActiveCfg = Release|Any CPU
		{A40B6628-1ADF-4E15-B7B0-F0989E00A97A}.AppStore|iPhoneSimulator.Build.0 = Release|Any CPU
		{A40B6628-1ADF-4E15-B7B0-F0989E00A97A}.AppStore|x64.ActiveCfg = Release|Any CPU
		{A40B6628-1ADF-4E15-B7B0-F0989E00A97A}.AppStore|x64.Build.0 = Release|Any CPU
		{A40B6628-1ADF-4E15-B7B0-F0989E00A97A}.AppStore|x86.ActiveCfg = Release|Any CPU
		{A40B6628-1ADF-4E15-B7B0-F0989E00A97A}.AppStore|x86.Build.0 = Release|Any CPU
		{A40B6628-1ADF-4E15-B7B0-F0989E00A97A}.Debug|Any CPU.ActiveCfg = Debug|Any CPU
		{A40B6628-1ADF-4E15-B7B0-F0989E00A97A}.Debug|Any CPU.Build.0 = Debug|Any CPU
		{A40B6628-1ADF-4E15-B7B0-F0989E00A97A}.Debug|ARM.ActiveCfg = Debug|Any CPU
		{A40B6628-1ADF-4E15-B7B0-F0989E00A97A}.Debug|ARM.Build.0 = Debug|Any CPU
		{A40B6628-1ADF-4E15-B7B0-F0989E00A97A}.Debug|iPhone.ActiveCfg = Debug|Any CPU
		{A40B6628-1ADF-4E15-B7B0-F0989E00A97A}.Debug|iPhone.Build.0 = Debug|Any CPU
		{A40B6628-1ADF-4E15-B7B0-F0989E00A97A}.Debug|iPhoneSimulator.ActiveCfg = Debug|Any CPU
		{A40B6628-1ADF-4E15-B7B0-F0989E00A97A}.Debug|iPhoneSimulator.Build.0 = Debug|Any CPU
		{A40B6628-1ADF-4E15-B7B0-F0989E00A97A}.Debug|x64.ActiveCfg = Debug|Any CPU
		{A40B6628-1ADF-4E15-B7B0-F0989E00A97A}.Debug|x64.Build.0 = Debug|Any CPU
		{A40B6628-1ADF-4E15-B7B0-F0989E00A97A}.Debug|x86.ActiveCfg = Debug|Any CPU
		{A40B6628-1ADF-4E15-B7B0-F0989E00A97A}.Debug|x86.Build.0 = Debug|Any CPU
		{A40B6628-1ADF-4E15-B7B0-F0989E00A97A}.Release|Any CPU.ActiveCfg = Release|Any CPU
		{A40B6628-1ADF-4E15-B7B0-F0989E00A97A}.Release|Any CPU.Build.0 = Release|Any CPU
		{A40B6628-1ADF-4E15-B7B0-F0989E00A97A}.Release|ARM.ActiveCfg = Release|Any CPU
		{A40B6628-1ADF-4E15-B7B0-F0989E00A97A}.Release|ARM.Build.0 = Release|Any CPU
		{A40B6628-1ADF-4E15-B7B0-F0989E00A97A}.Release|iPhone.ActiveCfg = Release|Any CPU
		{A40B6628-1ADF-4E15-B7B0-F0989E00A97A}.Release|iPhone.Build.0 = Release|Any CPU
		{A40B6628-1ADF-4E15-B7B0-F0989E00A97A}.Release|iPhoneSimulator.ActiveCfg = Release|Any CPU
		{A40B6628-1ADF-4E15-B7B0-F0989E00A97A}.Release|iPhoneSimulator.Build.0 = Release|Any CPU
		{A40B6628-1ADF-4E15-B7B0-F0989E00A97A}.Release|x64.ActiveCfg = Release|Any CPU
		{A40B6628-1ADF-4E15-B7B0-F0989E00A97A}.Release|x64.Build.0 = Release|Any CPU
		{A40B6628-1ADF-4E15-B7B0-F0989E00A97A}.Release|x86.ActiveCfg = Release|Any CPU
		{A40B6628-1ADF-4E15-B7B0-F0989E00A97A}.Release|x86.Build.0 = Release|Any CPU
	EndGlobalSection
	GlobalSection(SolutionProperties) = preSolution
		HideSolutionNode = FALSE
	EndGlobalSection
	GlobalSection(ExtensibilityGlobals) = postSolution
		SolutionGuid = {B9953905-3B0E-4C7E-B69A-80C4F03AB881}
	EndGlobalSection
EndGlobal
